
Microsoft Visual Studio Solution File, Format Version 12.00
# Visual Studio Version 16
VisualStudioVersion = 16.0.31727.386
MinimumVisualStudioVersion = 10.0.40219.1
Project("{9A19103F-16F7-4668-BE54-9A1E7A4F7556}") = "GenericRepositotyAndUnitOfWorkPattern", "GenericRepositotyAndUnitOfWorkPattern\GenericRepositotyAndUnitOfWorkPattern.csproj", "{55F871B0-DEC8-4E48-8051-6707642F47AB}"
EndProject
Global
	GlobalSection(SolutionConfigurationPlatforms) = preSolution
		Debug|Any CPU = Debug|Any CPU
		Release|Any CPU = Release|Any CPU
	EndGlobalSection
	GlobalSection(ProjectConfigurationPlatforms) = postSolution
		{55F871B0-DEC8-4E48-8051-6707642F47AB}.Debug|Any CPU.ActiveCfg = Debug|Any CPU
		{55F871B0-DEC8-4E48-8051-6707642F47AB}.Debug|Any CPU.Build.0 = Debug|Any CPU
		{55F871B0-DEC8-4E48-8051-6707642F47AB}.Release|Any CPU.ActiveCfg = Release|Any CPU
		{55F871B0-DEC8-4E48-8051-6707642F47AB}.Release|Any CPU.Build.0 = Release|Any CPU
	EndGlobalSection
	GlobalSection(SolutionProperties) = preSolution
		HideSolutionNode = FALSE
	EndGlobalSection
	GlobalSection(ExtensibilityGlobals) = postSolution
		SolutionGuid = {DBF6EF55-5BEB-4DBC-AA7E-62EE9F57153D}
	EndGlobalSection
EndGlobal
